
Microsoft Visual Studio Solution File, Format Version 12.00
# Visual Studio 2013
VisualStudioVersion = 12.0.21005.1
MinimumVisualStudioVersion = 10.0.40219.1
Project("{FAE04EC0-301F-11D3-BF4B-00C04F79EFBC}") = "LattePandaCommunicationLibrary", "LattePandaCommunicationLibrary\LattePandaCommunicationLibrary.csproj", "{7514DC4B-3EDE-4151-A590-7913A762F5FE}"
EndProject
Project("{FAE04EC0-301F-11D3-BF4B-00C04F79EFBC}") = "ArduinoConfiguration", "ArduinoConfiguration\ArduinoConfiguration.csproj", "{9552D23E-95AE-4517-B428-6E95CB74D1F2}"
EndProject
Project("{FAE04EC0-301F-11D3-BF4B-00C04F79EFBC}") = "LattePandaCommunicationInterface", "LattePandaCommunicationInterface\LattePandaCommunicationInterface.csproj", "{AF4B918E-B9F4-4211-831D-6296A6A5A926}"
EndProject
Project("{FAE04EC0-301F-11D3-BF4B-00C04F79EFBC}") = "LattePandaCommunicationAPI", "LattePandaCommunicationAPI\LattePandaCommunicationAPI.csproj", "{9A9CFCF2-388A-40E1-A6CE-1E3C6EDE4CD8}"
EndProject
Global
	GlobalSection(SolutionConfigurationPlatforms) = preSolution
		Debug|Any CPU = Debug|Any CPU
		Debug|ARM = Debug|ARM
		Debug|Mixed Platforms = Debug|Mixed Platforms
		Debug|Win32 = Debug|Win32
		Release|Any CPU = Release|Any CPU
		Release|ARM = Release|ARM
		Release|Mixed Platforms = Release|Mixed Platforms
		Release|Win32 = Release|Win32
	EndGlobalSection
	GlobalSection(ProjectConfigurationPlatforms) = postSolution
		{7514DC4B-3EDE-4151-A590-7913A762F5FE}.Debug|Any CPU.ActiveCfg = Debug|Any CPU
		{7514DC4B-3EDE-4151-A590-7913A762F5FE}.Debug|Any CPU.Build.0 = Debug|Any CPU
		{7514DC4B-3EDE-4151-A590-7913A762F5FE}.Debug|ARM.ActiveCfg = Debug|Any CPU
		{7514DC4B-3EDE-4151-A590-7913A762F5FE}.Debug|Mixed Platforms.ActiveCfg = Debug|Any CPU
		{7514DC4B-3EDE-4151-A590-7913A762F5FE}.Debug|Mixed Platforms.Build.0 = Debug|Any CPU
		{7514DC4B-3EDE-4151-A590-7913A762F5FE}.Debug|Win32.ActiveCfg = Debug|Any CPU
		{7514DC4B-3EDE-4151-A590-7913A762F5FE}.Release|Any CPU.ActiveCfg = Release|Any CPU
		{7514DC4B-3EDE-4151-A590-7913A762F5FE}.Release|Any CPU.Build.0 = Release|Any CPU
		{7514DC4B-3EDE-4151-A590-7913A762F5FE}.Release|ARM.ActiveCfg = Release|Any CPU
		{7514DC4B-3EDE-4151-A590-7913A762F5FE}.Release|Mixed Platforms.ActiveCfg = Release|Any CPU
		{7514DC4B-3EDE-4151-A590-7913A762F5FE}.Release|Mixed Platforms.Build.0 = Release|Any CPU
		{7514DC4B-3EDE-4151-A590-7913A762F5FE}.Release|Win32.ActiveCfg = Release|Any CPU
		{9552D23E-95AE-4517-B428-6E95CB74D1F2}.Debug|Any CPU.ActiveCfg = Debug|Any CPU
		{9552D23E-95AE-4517-B428-6E95CB74D1F2}.Debug|Any CPU.Build.0 = Debug|Any CPU
		{9552D23E-95AE-4517-B428-6E95CB74D1F2}.Debug|ARM.ActiveCfg = Debug|Any CPU
		{9552D23E-95AE-4517-B428-6E95CB74D1F2}.Debug|Mixed Platforms.ActiveCfg = Debug|Any CPU
		{9552D23E-95AE-4517-B428-6E95CB74D1F2}.Debug|Mixed Platforms.Build.0 = Debug|Any CPU
		{9552D23E-95AE-4517-B428-6E95CB74D1F2}.Debug|Win32.ActiveCfg = Debug|Any CPU
		{9552D23E-95AE-4517-B428-6E95CB74D1F2}.Release|Any CPU.ActiveCfg = Release|Any CPU
		{9552D23E-95AE-4517-B428-6E95CB74D1F2}.Release|Any CPU.Build.0 = Release|Any CPU
		{9552D23E-95AE-4517-B428-6E95CB74D1F2}.Release|ARM.ActiveCfg = Release|Any CPU
		{9552D23E-95AE-4517-B428-6E95CB74D1F2}.Release|Mixed Platforms.ActiveCfg = Release|Any CPU
		{9552D23E-95AE-4517-B428-6E95CB74D1F2}.Release|Mixed Platforms.Build.0 = Release|Any CPU
		{9552D23E-95AE-4517-B428-6E95CB74D1F2}.Release|Win32.ActiveCfg = Release|Any CPU
		{AF4B918E-B9F4-4211-831D-6296A6A5A926}.Debug|Any CPU.ActiveCfg = Debug|Any CPU
		{AF4B918E-B9F4-4211-831D-6296A6A5A926}.Debug|Any CPU.Build.0 = Debug|Any CPU
		{AF4B918E-B9F4-4211-831D-6296A6A5A926}.Debug|ARM.ActiveCfg = Debug|Any CPU
		{AF4B918E-B9F4-4211-831D-6296A6A5A926}.Debug|Mixed Platforms.ActiveCfg = Debug|Any CPU
		{AF4B918E-B9F4-4211-831D-6296A6A5A926}.Debug|Mixed Platforms.Build.0 = Debug|Any CPU
		{AF4B918E-B9F4-4211-831D-6296A6A5A926}.Debug|Win32.ActiveCfg = Debug|Any CPU
		{AF4B918E-B9F4-4211-831D-6296A6A5A926}.Release|Any CPU.ActiveCfg = Release|Any CPU
		{AF4B918E-B9F4-4211-831D-6296A6A5A926}.Release|Any CPU.Build.0 = Release|Any CPU
		{AF4B918E-B9F4-4211-831D-6296A6A5A926}.Release|ARM.ActiveCfg = Release|Any CPU
		{AF4B918E-B9F4-4211-831D-6296A6A5A926}.Release|Mixed Platforms.ActiveCfg = Release|Any CPU
		{AF4B918E-B9F4-4211-831D-6296A6A5A926}.Release|Mixed Platforms.Build.0 = Release|Any CPU
		{AF4B918E-B9F4-4211-831D-6296A6A5A926}.Release|Win32.ActiveCfg = Release|Any CPU
		{9A9CFCF2-388A-40E1-A6CE-1E3C6EDE4CD8}.Debug|Any CPU.ActiveCfg = Debug|Any CPU
		{9A9CFCF2-388A-40E1-A6CE-1E3C6EDE4CD8}.Debug|Any CPU.Build.0 = Debug|Any CPU
		{9A9CFCF2-388A-40E1-A6CE-1E3C6EDE4CD8}.Debug|ARM.ActiveCfg = Debug|Any CPU
		{9A9CFCF2-388A-40E1-A6CE-1E3C6EDE4CD8}.Debug|Mixed Platforms.ActiveCfg = Debug|Any CPU
		{9A9CFCF2-388A-40E1-A6CE-1E3C6EDE4CD8}.Debug|Mixed Platforms.Build.0 = Debug|Any CPU
		{9A9CFCF2-388A-40E1-A6CE-1E3C6EDE4CD8}.Debug|Win32.ActiveCfg = Debug|Any CPU
		{9A9CFCF2-388A-40E1-A6CE-1E3C6EDE4CD8}.Release|Any CPU.ActiveCfg = Release|Any CPU
		{9A9CFCF2-388A-40E1-A6CE-1E3C6EDE4CD8}.Release|Any CPU.Build.0 = Release|Any CPU
		{9A9CFCF2-388A-40E1-A6CE-1E3C6EDE4CD8}.Release|ARM.ActiveCfg = Release|Any CPU
		{9A9CFCF2-388A-40E1-A6CE-1E3C6EDE4CD8}.Release|Mixed Platforms.ActiveCfg = Release|Any CPU
		{9A9CFCF2-388A-40E1-A6CE-1E3C6EDE4CD8}.Release|Mixed Platforms.Build.0 = Release|Any CPU
		{9A9CFCF2-388A-40E1-A6CE-1E3C6EDE4CD8}.Release|Win32.ActiveCfg = Release|Any CPU
	EndGlobalSection
	GlobalSection(SolutionProperties) = preSolution
		HideSolutionNode = FALSE
	EndGlobalSection
EndGlobal
